// !$*UTF8*$!
{
	archiveVersion = 1;
	classes = {
	};
	objectVersion = 50;
	objects = {

/* Begin PBXBuildFile section */
		15A9F38025AE882900174D20 /* AppDelegate.swift in Sources */ = {isa = PBXBuildFile; fileRef = 15A9F37F25AE882900174D20 /* AppDelegate.swift */; };
		15A9F38225AE882900174D20 /* SceneDelegate.swift in Sources */ = {isa = PBXBuildFile; fileRef = 15A9F38125AE882900174D20 /* SceneDelegate.swift */; };
		15A9F38425AE882900174D20 /* ViewController.swift in Sources */ = {isa = PBXBuildFile; fileRef = 15A9F38325AE882900174D20 /* ViewController.swift */; };
		15A9F38725AE882900174D20 /* Main.storyboard in Resources */ = {isa = PBXBuildFile; fileRef = 15A9F38525AE882900174D20 /* Main.storyboard */; };
		15A9F38925AE882A00174D20 /* Assets.xcassets in Resources */ = {isa = PBXBuildFile; fileRef = 15A9F38825AE882A00174D20 /* Assets.xcassets */; };
		15A9F38C25AE882A00174D20 /* LaunchScreen.storyboard in Resources */ = {isa = PBXBuildFile; fileRef = 15A9F38A25AE882A00174D20 /* LaunchScreen.storyboard */; };
/* End PBXBuildFile section */

/* Begin PBXFileReference section */
		15A9F37C25AE882900174D20 /* Prueba-Peliculas.app */ = {isa = PBXFileReference; explicitFileType = wrapper.application; includeInIndex = 0; path = "Prueba-Peliculas.app"; sourceTree = BUILT_PRODUCTS_DIR; };
		15A9F37F25AE882900174D20 /* AppDelegate.swift */ = {isa = PBXFileReference; lastKnownFileType = sourcecode.swift; path = AppDelegate.swift; sourceTree = "<group>"; };
		15A9F38125AE882900174D20 /* SceneDelegate.swift */ = {isa = PBXFileReference; lastKnownFileType = sourcecode.swift; path = SceneDelegate.swift; sourceTree = "<group>"; };
		15A9F38325AE882900174D20 /* ViewController.swift */ = {isa = PBXFileReference; lastKnownFileType = sourcecode.swift; path = ViewController.swift; sourceTree = "<group>"; };
		15A9F38625AE882900174D20 /* Base */ = {isa = PBXFileReference; lastKnownFileType = file.storyboard; name = Base; path = Base.lproj/Main.storyboard; sourceTree = "<group>"; };
		15A9F38825AE882A00174D20 /* Assets.xcassets */ = {isa = PBXFileReference; lastKnownFileType = folder.assetcatalog; path = Assets.xcassets; sourceTree = "<group>"; };
		15A9F38B25AE882A00174D20 /* Base */ = {isa = PBXFileReference; lastKnownFileType = file.storyboard; name = Base; path = Base.lproj/LaunchScreen.storyboard; sourceTree = "<group>"; };
		15A9F38D25AE882A00174D20 /* Info.plist */ = {isa = PBXFileReference; lastKnownFileType = text.plist.xml; path = Info.plist; sourceTree = "<group>"; };
/* End PBXFileReference section */

/* Begin PBXFrameworksBuildPhase section */
		15A9F37925AE882900174D20 /* Frameworks */ = {
			isa = PBXFrameworksBuildPhase;
			buildActionMask = 2147483647;
			files = (
			);
			runOnlyForDeploymentPostprocessing = 0;
		};
/* End PBXFrameworksBuildPhase section */

/* Begin PBXGroup section */
		15A9F37325AE882900174D20 = {
			isa = PBXGroup;
			children = (
				15A9F37E25AE882900174D20 /* Prueba-Peliculas */,
				15A9F37D25AE882900174D20 /* Products */,
			);
			sourceTree = "<group>";
		};
		15A9F37D25AE882900174D20 /* Products */ = {
			isa = PBXGroup;
			children = (
				15A9F37C25AE882900174D20 /* Prueba-Peliculas.app */,
			);
			name = Products;
			sourceTree = "<group>";
		};
		15A9F37E25AE882900174D20 /* Prueba-Peliculas */ = {
			isa = PBXGroup;
			children = (
				15A9F37F25AE882900174D20 /* AppDelegate.swift */,
				15A9F38125AE882900174D20 /* SceneDelegate.swift */,
				15A9F38325AE882900174D20 /* ViewController.swift */,
				15A9F38525AE882900174D20 /* Main.storyboard */,
				15A9F38825AE882A00174D20 /* Assets.xcassets */,
				15A9F38A25AE882A00174D20 /* LaunchScreen.storyboard */,
				15A9F38D25AE882A00174D20 /* Info.plist */,
			);
			path = "Prueba-Peliculas";
			sourceTree = "<group>";
		};
/* End PBXGroup section */

/* Begin PBXNativeTarget section */
		15A9F37B25AE882900174D20 /* Prueba-Peliculas */ = {
			isa = PBXNativeTarget;
			buildConfigurationList = 15A9F39025AE882A00174D20 /* Build configuration list for PBXNativeTarget "Prueba-Peliculas" */;
			buildPhases = (
				15A9F37825AE882900174D20 /* Sources */,
				15A9F37925AE882900174D20 /* Frameworks */,
				15A9F37A25AE882900174D20 /* Resources */,
			);
			buildRules = (
			);
			dependencies = (
			);
			name = "Prueba-Peliculas";
			productName = "Prueba-Peliculas";
			productReference = 15A9F37C25AE882900174D20 /* Prueba-Peliculas.app */;
			productType = "com.apple.product-type.application";
		};
/* End PBXNativeTarget section */

/* Begin PBXProject section */
		15A9F37425AE882900174D20 /* Project object */ = {
			isa = PBXProject;
			attributes = {
				LastSwiftUpdateCheck = 1220;
				LastUpgradeCheck = 1220;
				TargetAttributes = {
					15A9F37B25AE882900174D20 = {
						CreatedOnToolsVersion = 12.2;
					};
				};
			};
			buildConfigurationList = 15A9F37725AE882900174D20 /* Build configuration list for PBXProject "Prueba-Peliculas" */;
			compatibilityVersion = "Xcode 9.3";
			developmentRegion = en;
			hasScannedForEncodings = 0;
			knownRegions = (
				en,
				Base,
			);
			mainGroup = 15A9F37325AE882900174D20;
			productRefGroup = 15A9F37D25AE882900174D20 /* Products */;
			projectDirPath = "";
			projectRoot = "";
			targets = (
				15A9F37B25AE882900174D20 /* Prueba-Peliculas */,
			);
		};
/* End PBXProject section */

/* Begin PBXResourcesBuildPhase section */
		15A9F37A25AE882900174D20 /* Resources */ = {
			isa = PBXResourcesBuildPhase;
			buildActionMask = 2147483647;
			files = (
				15A9F38C25AE882A00174D20 /* LaunchScreen.storyboard in Resources */,
				15A9F38925AE882A00174D20 /* Assets.xcassets in Resources */,
				15A9F38725AE882900174D20 /* Main.storyboard in Resources */,
			);
			runOnlyForDeploymentPostprocessing = 0;
		};
/* End PBXResourcesBuildPhase section */

/* Begin PBXSourcesBuildPhase section */
		15A9F37825AE882900174D20 /* Sources */ = {
			isa = PBXSourcesBuildPhase;
			buildActionMask = 2147483647;
			files = (
				15A9F38425AE882900174D20 /* ViewController.swift in Sources */,
				15A9F38025AE882900174D20 /* AppDelegate.swift in Sources */,
				15A9F38225AE882900174D20 /* SceneDelegate.swift in Sources */,
			);
			runOnlyForDeploymentPostprocessing = 0;
		};
/* End PBXSourcesBuildPhase section */

/* Begin PBXVariantGroup section */
		15A9F38525AE882900174D20 /* Main.storyboard */ = {
			isa = PBXVariantGroup;
			children = (
				15A9F38625AE882900174D20 /* Base */,
			);
			name = Main.storyboard;
			sourceTree = "<group>";
		};
		15A9F38A25AE882A00174D20 /* LaunchScreen.storyboard */ = {
			isa = PBXVariantGroup;
			children = (
				15A9F38B25AE882A00174D20 /* Base */,
			);
			name = LaunchScreen.storyboard;
			sourceTree = "<group>";
		};
/* End PBXVariantGroup section */

/* Begin XCBuildConfiguration section */
		15A9F38E25AE882A00174D20 /* Debug */ = {
			isa = XCBuildConfiguration;
			buildSettings = {
				ALWAYS_SEARCH_USER_PATHS = NO;
				CLANG_ANALYZER_NONNULL = YES;
				CLANG_ANALYZER_NUMBER_OBJECT_CONVERSION = YES_AGGRESSIVE;
				CLANG_CXX_LANGUAGE_STANDARD = "gnu++14";
				CLANG_CXX_LIBRARY = "libc++";
				CLANG_ENABLE_MODULES = YES;
				CLANG_ENABLE_OBJC_ARC = YES;
				CLANG_ENABLE_OBJC_WEAK = YES;
				CLANG_WARN_BLOCK_CAPTURE_AUTORELEASING = YES;
				CLANG_WARN_BOOL_CONVERSION = YES;
				CLANG_WARN_COMMA = YES;
				CLANG_WARN_CONSTANT_CONVERSION = YES;
				CLANG_WARN_DEPRECATED_OBJC_IMPLEMENTATIONS = YES;
				CLANG_WARN_DIRECT_OBJC_ISA_USAGE = YES_ERROR;
				CLANG_WARN_DOCUMENTATION_COMMENTS = YES;
				CLANG_WARN_EMPTY_BODY = YES;
				CLANG_WARN_ENUM_CONVERSION = YES;
				CLANG_WARN_INFINITE_RECURSION = YES;
				CLANG_WARN_INT_CONVERSION = YES;
				CLANG_WARN_NON_LITERAL_NULL_CONVERSION = YES;
				CLANG_WARN_OBJC_IMPLICIT_RETAIN_SELF = YES;
				CLANG_WARN_OBJC_LITERAL_CONVERSION = YES;
				CLANG_WARN_OBJC_ROOT_CLASS = YES_ERROR;
				CLANG_WARN_QUOTED_INCLUDE_IN_FRAMEWORK_HEADER = YES;
				CLANG_WARN_RANGE_LOOP_ANALYSIS = YES;
				CLANG_WARN_STRICT_PROTOTYPES = YES;
				CLANG_WARN_SUSPICIOUS_MOVE = YES;
				CLANG_WARN_UNGUARDED_AVAILABILITY = YES_AGGRESSIVE;
				CLANG_WARN_UNREACHABLE_CODE = YES;
				CLANG_WARN__DUPLICATE_METHOD_MATCH = YES;
				COPY_PHASE_STRIP = NO;
				DEBUG_INFORMATION_FORMAT = dwarf;
				ENABLE_STRICT_OBJC_MSGSEND = YES;
				ENABLE_TESTABILITY = YES;
				GCC_C_LANGUAGE_STANDARD = gnu11;
				GCC_DYNAMIC_NO_PIC = NO;
				GCC_NO_COMMON_BLOCKS = YES;
				GCC_OPTIMIZATION_LEVEL = 0;
				GCC_PREPROCESSOR_DEFINITIONS = (
					"DEBUG=1",
					"$(inherited)",
				);
				GCC_WARN_64_TO_32_BIT_CONVERSION = YES;
				GCC_WARN_ABOUT_RETURN_TYPE = YES_ERROR;
				GCC_WARN_UNDECLARED_SELECTOR = YES;
				GCC_WARN_UNINITIALIZED_AUTOS = YES_AGGRESSIVE;
				GCC_WARN_UNUSED_FUNCTION = YES;
				GCC_WARN_UNUSED_VARIABLE = YES;
				IPHONEOS_DEPLOYMENT_TARGET = 14.2;
				MTL_ENABLE_DEBUG_INFO = INCLUDE_SOURCE;
				MTL_FAST_MATH = YES;
				ONLY_ACTIVE_ARCH = YES;
				SDKROOT = iphoneos;
				SWIFT_ACTIVE_COMPILATION_CONDITIONS = DEBUG;
				SWIFT_OPTIMIZATION_LEVEL = "-Onone";
			};
			name = Debug;
		};
		15A9F38F25AE882A00174D20 /* Release */ = {
			isa = XCBuildConfiguration;
			buildSettings = {
				ALWAYS_SEARCH_USER_PATHS = NO;
				CLANG_ANALYZER_NONNULL = YES;
				CLANG_ANALYZER_NUMBER_OBJECT_CONVERSION = YES_AGGRESSIVE;
				CLANG_CXX_LANGUAGE_STANDARD = "gnu++14";
				CLANG_CXX_LIBRARY = "libc++";
				CLANG_ENABLE_MODULES = YES;
				CLANG_ENABLE_OBJC_ARC = YES;
				CLANG_ENABLE_OBJC_WEAK = YES;
				CLANG_WARN_BLOCK_CAPTURE_AUTORELEASING = YES;
				CLANG_WARN_BOOL_CONVERSION = YES;
				CLANG_WARN_COMMA = YES;
				CLANG_WARN_CONSTANT_CONVERSION = YES;
				CLANG_WARN_DEPRECATED_OBJC_IMPLEMENTATIONS = YES;
				CLANG_WARN_DIRECT_OBJC_ISA_USAGE = YES_ERROR;
				CLANG_WARN_DOCUMENTATION_COMMENTS = YES;
				CLANG_WARN_EMPTY_BODY = YES;
				CLANG_WARN_ENUM_CONVERSION = YES;
				CLANG_WARN_INFINITE_RECURSION = YES;
				CLANG_WARN_INT_CONVERSION = YES;
				CLANG_WARN_NON_LITERAL_NULL_CONVERSION = YES;
				CLANG_WARN_OBJC_IMPLICIT_RETAIN_SELF = YES;
				CLANG_WARN_OBJC_LITERAL_CONVERSION = YES;
				CLANG_WARN_OBJC_ROOT_CLASS = YES_ERROR;
				CLANG_WARN_QUOTED_INCLUDE_IN_FRAMEWORK_HEADER = YES;
				CLANG_WARN_RANGE_LOOP_ANALYSIS = YES;
				CLANG_WARN_STRICT_PROTOTYPES = YES;
				CLANG_WARN_SUSPICIOUS_MOVE = YES;
				CLANG_WARN_UNGUARDED_AVAILABILITY = YES_AGGRESSIVE;
				CLANG_WARN_UNREACHABLE_CODE = YES;
				CLANG_WARN__DUPLICATE_METHOD_MATCH = YES;
				COPY_PHASE_STRIP = NO;
				DEBUG_INFORMATION_FORMAT = "dwarf-with-dsym";
				ENABLE_NS_ASSERTIONS = NO;
				ENABLE_STRICT_OBJC_MSGSEND = YES;
				GCC_C_LANGUAGE_STANDARD = gnu11;
				GCC_NO_COMMON_BLOCKS = YES;
				GCC_WARN_64_TO_32_BIT_CONVERSION = YES;
				GCC_WARN_ABOUT_RETURN_TYPE = YES_ERROR;
				GCC_WARN_UNDECLARED_SELECTOR = YES;
				GCC_WARN_UNINITIALIZED_AUTOS = YES_AGGRESSIVE;
				GCC_WARN_UNUSED_FUNCTION = YES;
				GCC_WARN_UNUSED_VARIABLE = YES;
				IPHONEOS_DEPLOYMENT_TARGET = 14.2;
				MTL_ENABLE_DEBUG_INFO = NO;
				MTL_FAST_MATH = YES;
				SDKROOT = iphoneos;
				SWIFT_COMPILATION_MODE = wholemodule;
				SWIFT_OPTIMIZATION_LEVEL = "-O";
				VALIDATE_PRODUCT = YES;
			};
			name = Release;
		};
		15A9F39125AE882A00174D20 /* Debug */ = {
			isa = XCBuildConfiguration;
			buildSettings = {
				ASSETCATALOG_COMPILER_APPICON_NAME = AppIcon;
				ASSETCATALOG_COMPILER_GLOBAL_ACCENT_COLOR_NAME = AccentColor;
				CODE_SIGN_STYLE = Automatic;
				DEVELOPMENT_TEAM = ATGLF89TD8;
				INFOPLIST_FILE = "Prueba-Peliculas/Info.plist";
				LD_RUNPATH_SEARCH_PATHS = (
					"$(inherited)",
					"@executable_path/Frameworks",
				);
				PRODUCT_BUNDLE_IDENTIFIER = "com.app.studentProyect.Prueba-Peliculas";
				PRODUCT_NAME = "$(TARGET_NAME)";
				SWIFT_VERSION = 5.0;
				TARGETED_DEVICE_FAMILY = "1,2";
			};
			name = Debug;
		};
		15A9F39225AE882A00174D20 /* Release */ = {
			isa = XCBuildConfiguration;
			buildSettings = {
				ASSETCATALOG_COMPILER_APPICON_NAME = AppIcon;
				ASSETCATALOG_COMPILER_GLOBAL_ACCENT_COLOR_NAME = AccentColor;
				CODE_SIGN_STYLE = Automatic;
				DEVELOPMENT_TEAM = ATGLF89TD8;
				INFOPLIST_FILE = "Prueba-Peliculas/Info.plist";
				LD_RUNPATH_SEARCH_PATHS = (
					"$(inherited)",
					"@executable_path/Frameworks",
				);
				PRODUCT_BUNDLE_IDENTIFIER = "com.app.studentProyect.Prueba-Peliculas";
				PRODUCT_NAME = "$(TARGET_NAME)";
				SWIFT_VERSION = 5.0;
				TARGETED_DEVICE_FAMILY = "1,2";
			};
			name = Release;
		};
/* End XCBuildConfiguration section */

/* Begin XCConfigurationList section */
		15A9F37725AE882900174D20 /* Build configuration list for PBXProject "Prueba-Peliculas" */ = {
			isa = XCConfigurationList;
			buildConfigurations = (
				15A9F38E25AE882A00174D20 /* Debug */,
				15A9F38F25AE882A00174D20 /* Release */,
			);
			defaultConfigurationIsVisible = 0;
			defaultConfigurationName = Release;
		};
		15A9F39025AE882A00174D20 /* Build configuration list for PBXNativeTarget "Prueba-Peliculas" */ = {
			isa = XCConfigurationList;
			buildConfigurations = (
				15A9F39125AE882A00174D20 /* Debug */,
				15A9F39225AE882A00174D20 /* Release */,
			);
			defaultConfigurationIsVisible = 0;
			defaultConfigurationName = Release;
		};
/* End XCConfigurationList section */
	};
	rootObject = 15A9F37425AE882900174D20 /* Project object */;
}
